// !$*UTF8*$!
{
	archiveVersion = 1;
	classes = {
	};
	objectVersion = 52;
	objects = {

/* Begin PBXBuildFile section */
		945D1475262049EB0077E1E9 /* AppDelegate.swift in Sources */ = {isa = PBXBuildFile; fileRef = 945D1474262049EB0077E1E9 /* AppDelegate.swift */; };
		945D1477262049EB0077E1E9 /* SceneDelegate.swift in Sources */ = {isa = PBXBuildFile; fileRef = 945D1476262049EB0077E1E9 /* SceneDelegate.swift */; };
		945D1479262049EB0077E1E9 /* ShowListViewController.swift in Sources */ = {isa = PBXBuildFile; fileRef = 945D1478262049EB0077E1E9 /* ShowListViewController.swift */; };
		945D147C262049EB0077E1E9 /* Main.storyboard in Resources */ = {isa = PBXBuildFile; fileRef = 945D147A262049EB0077E1E9 /* Main.storyboard */; };
		945D147F262049EC0077E1E9 /* MachineTest_vimal.xcdatamodeld in Sources */ = {isa = PBXBuildFile; fileRef = 945D147D262049EC0077E1E9 /* MachineTest_vimal.xcdatamodeld */; };
		945D148126204A000077E1E9 /* Assets.xcassets in Resources */ = {isa = PBXBuildFile; fileRef = 945D148026204A000077E1E9 /* Assets.xcassets */; };
		945D148426204A000077E1E9 /* LaunchScreen.storyboard in Resources */ = {isa = PBXBuildFile; fileRef = 945D148226204A000077E1E9 /* LaunchScreen.storyboard */; };
		945D14AD26204DD70077E1E9 /* ShowListCollectionViewCell.swift in Sources */ = {isa = PBXBuildFile; fileRef = 945D14AC26204DD70077E1E9 /* ShowListCollectionViewCell.swift */; };
		945D14B026204EC30077E1E9 /* ShowDetails.storyboard in Resources */ = {isa = PBXBuildFile; fileRef = 945D14AF26204EC30077E1E9 /* ShowDetails.storyboard */; };
		945D14B32620524B0077E1E9 /* ShowDetailsViewController.swift in Sources */ = {isa = PBXBuildFile; fileRef = 945D14B22620524B0077E1E9 /* ShowDetailsViewController.swift */; };
		945D14B6262054410077E1E9 /* ShowDetailsCollectionViewCell.swift in Sources */ = {isa = PBXBuildFile; fileRef = 945D14B5262054410077E1E9 /* ShowDetailsCollectionViewCell.swift */; };
		945D14BA2620567A0077E1E9 /* Alamofire in Frameworks */ = {isa = PBXBuildFile; productRef = 945D14B92620567A0077E1E9 /* Alamofire */; };
		945D14BE26205E7E0077E1E9 /* EndPoint.swift in Sources */ = {isa = PBXBuildFile; fileRef = 945D14BD26205E7E0077E1E9 /* EndPoint.swift */; };
		945D14C226205EEE0077E1E9 /* ApiManager.swift in Sources */ = {isa = PBXBuildFile; fileRef = 945D14C126205EEE0077E1E9 /* ApiManager.swift */; };
		945D14C526205F8E0077E1E9 /* RequestItem.swift in Sources */ = {isa = PBXBuildFile; fileRef = 945D14C426205F8E0077E1E9 /* RequestItem.swift */; };
		945D14CC262066390077E1E9 /* ShowListModel.swift in Sources */ = {isa = PBXBuildFile; fileRef = 945D14CB262066390077E1E9 /* ShowListModel.swift */; };
		945D14CF262066B90077E1E9 /* AlertModel.swift in Sources */ = {isa = PBXBuildFile; fileRef = 945D14CE262066B90077E1E9 /* AlertModel.swift */; };
		945D14D326206C3A0077E1E9 /* Constants.swift in Sources */ = {isa = PBXBuildFile; fileRef = 945D14D226206C3A0077E1E9 /* Constants.swift */; };
		945D14DB26207C960077E1E9 /* UIImageView+Extension.swift in Sources */ = {isa = PBXBuildFile; fileRef = 945D14DA26207C960077E1E9 /* UIImageView+Extension.swift */; };
/* End PBXBuildFile section */

/* Begin PBXFileReference section */
		945D1471262049EB0077E1E9 /* MachineTest_vimal.app */ = {isa = PBXFileReference; explicitFileType = wrapper.application; includeInIndex = 0; path = MachineTest_vimal.app; sourceTree = BUILT_PRODUCTS_DIR; };
		945D1474262049EB0077E1E9 /* AppDelegate.swift */ = {isa = PBXFileReference; lastKnownFileType = sourcecode.swift; path = AppDelegate.swift; sourceTree = "<group>"; };
		945D1476262049EB0077E1E9 /* SceneDelegate.swift */ = {isa = PBXFileReference; lastKnownFileType = sourcecode.swift; path = SceneDelegate.swift; sourceTree = "<group>"; };
		945D1478262049EB0077E1E9 /* ShowListViewController.swift */ = {isa = PBXFileReference; lastKnownFileType = sourcecode.swift; path = ShowListViewController.swift; sourceTree = "<group>"; };
		945D147B262049EB0077E1E9 /* Base */ = {isa = PBXFileReference; lastKnownFileType = file.storyboard; name = Base; path = Base.lproj/Main.storyboard; sourceTree = "<group>"; };
		945D147E262049EC0077E1E9 /* MachineTest_vimal.xcdatamodel */ = {isa = PBXFileReference; lastKnownFileType = wrapper.xcdatamodel; path = MachineTest_vimal.xcdatamodel; sourceTree = "<group>"; };
		945D148026204A000077E1E9 /* Assets.xcassets */ = {isa = PBXFileReference; lastKnownFileType = folder.assetcatalog; path = Assets.xcassets; sourceTree = "<group>"; };
		945D148326204A000077E1E9 /* Base */ = {isa = PBXFileReference; lastKnownFileType = file.storyboard; name = Base; path = Base.lproj/LaunchScreen.storyboard; sourceTree = "<group>"; };
		945D148526204A000077E1E9 /* Info.plist */ = {isa = PBXFileReference; lastKnownFileType = text.plist.xml; path = Info.plist; sourceTree = "<group>"; };
		945D14AC26204DD70077E1E9 /* ShowListCollectionViewCell.swift */ = {isa = PBXFileReference; lastKnownFileType = sourcecode.swift; path = ShowListCollectionViewCell.swift; sourceTree = "<group>"; };
		945D14AF26204EC30077E1E9 /* ShowDetails.storyboard */ = {isa = PBXFileReference; lastKnownFileType = file.storyboard; path = ShowDetails.storyboard; sourceTree = "<group>"; };
		945D14B22620524B0077E1E9 /* ShowDetailsViewController.swift */ = {isa = PBXFileReference; lastKnownFileType = sourcecode.swift; path = ShowDetailsViewController.swift; sourceTree = "<group>"; };
		945D14B5262054410077E1E9 /* ShowDetailsCollectionViewCell.swift */ = {isa = PBXFileReference; lastKnownFileType = sourcecode.swift; path = ShowDetailsCollectionViewCell.swift; sourceTree = "<group>"; };
		945D14BD26205E7E0077E1E9 /* EndPoint.swift */ = {isa = PBXFileReference; lastKnownFileType = sourcecode.swift; path = EndPoint.swift; sourceTree = "<group>"; };
		945D14C126205EEE0077E1E9 /* ApiManager.swift */ = {isa = PBXFileReference; lastKnownFileType = sourcecode.swift; path = ApiManager.swift; sourceTree = "<group>"; };
		945D14C426205F8E0077E1E9 /* RequestItem.swift */ = {isa = PBXFileReference; lastKnownFileType = sourcecode.swift; path = RequestItem.swift; sourceTree = "<group>"; };
		945D14CB262066390077E1E9 /* ShowListModel.swift */ = {isa = PBXFileReference; lastKnownFileType = sourcecode.swift; path = ShowListModel.swift; sourceTree = "<group>"; };
		945D14CE262066B90077E1E9 /* AlertModel.swift */ = {isa = PBXFileReference; lastKnownFileType = sourcecode.swift; path = AlertModel.swift; sourceTree = "<group>"; };
		945D14D226206C3A0077E1E9 /* Constants.swift */ = {isa = PBXFileReference; lastKnownFileType = sourcecode.swift; path = Constants.swift; sourceTree = "<group>"; };
		945D14DA26207C960077E1E9 /* UIImageView+Extension.swift */ = {isa = PBXFileReference; lastKnownFileType = sourcecode.swift; path = "UIImageView+Extension.swift"; sourceTree = "<group>"; };
/* End PBXFileReference section */

/* Begin PBXFrameworksBuildPhase section */
		945D146E262049EB0077E1E9 /* Frameworks */ = {
			isa = PBXFrameworksBuildPhase;
			buildActionMask = 2147483647;
			files = (
				945D14BA2620567A0077E1E9 /* Alamofire in Frameworks */,
			);
			runOnlyForDeploymentPostprocessing = 0;
		};
/* End PBXFrameworksBuildPhase section */

/* Begin PBXGroup section */
		945D1468262049EB0077E1E9 = {
			isa = PBXGroup;
			children = (
				945D1473262049EB0077E1E9 /* MachineTest_vimal */,
				945D1472262049EB0077E1E9 /* Products */,
			);
			sourceTree = "<group>";
		};
		945D1472262049EB0077E1E9 /* Products */ = {
			isa = PBXGroup;
			children = (
				945D1471262049EB0077E1E9 /* MachineTest_vimal.app */,
			);
			name = Products;
			sourceTree = "<group>";
		};
		945D1473262049EB0077E1E9 /* MachineTest_vimal */ = {
			isa = PBXGroup;
			children = (
				945D14D126206C280077E1E9 /* Helper */,
				945D14BC26205E660077E1E9 /* Network */,
				945D14A926204ABB0077E1E9 /* Supporting Files */,
				945D14C9262063B40077E1E9 /* Model */,
				945D14C8262063A60077E1E9 /* View */,
				945D14C72620639C0077E1E9 /* Controller */,
				945D147A262049EB0077E1E9 /* Main.storyboard */,
				945D14AF26204EC30077E1E9 /* ShowDetails.storyboard */,
				945D148026204A000077E1E9 /* Assets.xcassets */,
				945D147D262049EC0077E1E9 /* MachineTest_vimal.xcdatamodeld */,
			);
			path = MachineTest_vimal;
			sourceTree = "<group>";
		};
		945D14A926204ABB0077E1E9 /* Supporting Files */ = {
			isa = PBXGroup;
			children = (
				945D1474262049EB0077E1E9 /* AppDelegate.swift */,
				945D1476262049EB0077E1E9 /* SceneDelegate.swift */,
				945D148226204A000077E1E9 /* LaunchScreen.storyboard */,
				945D148526204A000077E1E9 /* Info.plist */,
			);
			path = "Supporting Files";
			sourceTree = "<group>";
		};
		945D14BC26205E660077E1E9 /* Network */ = {
			isa = PBXGroup;
			children = (
				945D14BD26205E7E0077E1E9 /* EndPoint.swift */,
				945D14C126205EEE0077E1E9 /* ApiManager.swift */,
				945D14C426205F8E0077E1E9 /* RequestItem.swift */,
			);
			path = Network;
			sourceTree = "<group>";
		};
		945D14C72620639C0077E1E9 /* Controller */ = {
			isa = PBXGroup;
			children = (
				945D1478262049EB0077E1E9 /* ShowListViewController.swift */,
				945D14B22620524B0077E1E9 /* ShowDetailsViewController.swift */,
			);
			path = Controller;
			sourceTree = "<group>";
		};
		945D14C8262063A60077E1E9 /* View */ = {
			isa = PBXGroup;
			children = (
				945D14AC26204DD70077E1E9 /* ShowListCollectionViewCell.swift */,
				945D14B5262054410077E1E9 /* ShowDetailsCollectionViewCell.swift */,
			);
			path = View;
			sourceTree = "<group>";
		};
		945D14C9262063B40077E1E9 /* Model */ = {
			isa = PBXGroup;
			children = (
				945D14CB262066390077E1E9 /* ShowListModel.swift */,
				945D14CE262066B90077E1E9 /* AlertModel.swift */,
			);
			path = Model;
			sourceTree = "<group>";
		};
		945D14D126206C280077E1E9 /* Helper */ = {
			isa = PBXGroup;
			children = (
				945D14D226206C3A0077E1E9 /* Constants.swift */,
				945D14DA26207C960077E1E9 /* UIImageView+Extension.swift */,
			);
			path = Helper;
			sourceTree = "<group>";
		};
/* End PBXGroup section */

/* Begin PBXNativeTarget section */
		945D1470262049EB0077E1E9 /* MachineTest_vimal */ = {
			isa = PBXNativeTarget;
			buildConfigurationList = 945D148826204A000077E1E9 /* Build configuration list for PBXNativeTarget "MachineTest_vimal" */;
			buildPhases = (
				945D146D262049EB0077E1E9 /* Sources */,
				945D146E262049EB0077E1E9 /* Frameworks */,
				945D146F262049EB0077E1E9 /* Resources */,
			);
			buildRules = (
			);
			dependencies = (
			);
			name = MachineTest_vimal;
			packageProductDependencies = (
				945D14B92620567A0077E1E9 /* Alamofire */,
			);
			productName = MachineTest_vimal;
			productReference = 945D1471262049EB0077E1E9 /* MachineTest_vimal.app */;
			productType = "com.apple.product-type.application";
		};
/* End PBXNativeTarget section */

/* Begin PBXProject section */
		945D1469262049EB0077E1E9 /* Project object */ = {
			isa = PBXProject;
			attributes = {
				LastSwiftUpdateCheck = 1200;
				LastUpgradeCheck = 1200;
				TargetAttributes = {
					945D1470262049EB0077E1E9 = {
						CreatedOnToolsVersion = 12.0.1;
					};
				};
			};
			buildConfigurationList = 945D146C262049EB0077E1E9 /* Build configuration list for PBXProject "MachineTest_vimal" */;
			compatibilityVersion = "Xcode 9.3";
			developmentRegion = en;
			hasScannedForEncodings = 0;
			knownRegions = (
				en,
				Base,
			);
			mainGroup = 945D1468262049EB0077E1E9;
			packageReferences = (
				945D14B82620567A0077E1E9 /* XCRemoteSwiftPackageReference "Alamofire" */,
			);
			productRefGroup = 945D1472262049EB0077E1E9 /* Products */;
			projectDirPath = "";
			projectRoot = "";
			targets = (
				945D1470262049EB0077E1E9 /* MachineTest_vimal */,
			);
		};
/* End PBXProject section */

/* Begin PBXResourcesBuildPhase section */
		945D146F262049EB0077E1E9 /* Resources */ = {
			isa = PBXResourcesBuildPhase;
			buildActionMask = 2147483647;
			files = (
				945D14B026204EC30077E1E9 /* ShowDetails.storyboard in Resources */,
				945D148426204A000077E1E9 /* LaunchScreen.storyboard in Resources */,
				945D148126204A000077E1E9 /* Assets.xcassets in Resources */,
				945D147C262049EB0077E1E9 /* Main.storyboard in Resources */,
			);
			runOnlyForDeploymentPostprocessing = 0;
		};
/* End PBXResourcesBuildPhase section */

/* Begin PBXSourcesBuildPhase section */
		945D146D262049EB0077E1E9 /* Sources */ = {
			isa = PBXSourcesBuildPhase;
			buildActionMask = 2147483647;
			files = (
				945D14B6262054410077E1E9 /* ShowDetailsCollectionViewCell.swift in Sources */,
				945D14C226205EEE0077E1E9 /* ApiManager.swift in Sources */,
				945D14DB26207C960077E1E9 /* UIImageView+Extension.swift in Sources */,
				945D1479262049EB0077E1E9 /* ShowListViewController.swift in Sources */,
				945D14CC262066390077E1E9 /* ShowListModel.swift in Sources */,
				945D14CF262066B90077E1E9 /* AlertModel.swift in Sources */,
				945D14BE26205E7E0077E1E9 /* EndPoint.swift in Sources */,
				945D14AD26204DD70077E1E9 /* ShowListCollectionViewCell.swift in Sources */,
				945D14D326206C3A0077E1E9 /* Constants.swift in Sources */,
				945D1475262049EB0077E1E9 /* AppDelegate.swift in Sources */,
				945D14C526205F8E0077E1E9 /* RequestItem.swift in Sources */,
				945D1477262049EB0077E1E9 /* SceneDelegate.swift in Sources */,
				945D14B32620524B0077E1E9 /* ShowDetailsViewController.swift in Sources */,
				945D147F262049EC0077E1E9 /* MachineTest_vimal.xcdatamodeld in Sources */,
			);
			runOnlyForDeploymentPostprocessing = 0;
		};
/* End PBXSourcesBuildPhase section */

/* Begin PBXVariantGroup section */
		945D147A262049EB0077E1E9 /* Main.storyboard */ = {
			isa = PBXVariantGroup;
			children = (
				945D147B262049EB0077E1E9 /* Base */,
			);
			name = Main.storyboard;
			sourceTree = "<group>";
		};
		945D148226204A000077E1E9 /* LaunchScreen.storyboard */ = {
			isa = PBXVariantGroup;
			children = (
				945D148326204A000077E1E9 /* Base */,
			);
			name = LaunchScreen.storyboard;
			sourceTree = "<group>";
		};
/* End PBXVariantGroup section */

/* Begin XCBuildConfiguration section */
		945D148626204A000077E1E9 /* Debug */ = {
			isa = XCBuildConfiguration;
			buildSettings = {
				ALWAYS_SEARCH_USER_PATHS = NO;
				CLANG_ANALYZER_NONNULL = YES;
				CLANG_ANALYZER_NUMBER_OBJECT_CONVERSION = YES_AGGRESSIVE;
				CLANG_CXX_LANGUAGE_STANDARD = "gnu++14";
				CLANG_CXX_LIBRARY = "libc++";
				CLANG_ENABLE_MODULES = YES;
				CLANG_ENABLE_OBJC_ARC = YES;
				CLANG_ENABLE_OBJC_WEAK = YES;
				CLANG_WARN_BLOCK_CAPTURE_AUTORELEASING = YES;
				CLANG_WARN_BOOL_CONVERSION = YES;
				CLANG_WARN_COMMA = YES;
				CLANG_WARN_CONSTANT_CONVERSION = YES;
				CLANG_WARN_DEPRECATED_OBJC_IMPLEMENTATIONS = YES;
				CLANG_WARN_DIRECT_OBJC_ISA_USAGE = YES_ERROR;
				CLANG_WARN_DOCUMENTATION_COMMENTS = YES;
				CLANG_WARN_EMPTY_BODY = YES;
				CLANG_WARN_ENUM_CONVERSION = YES;
				CLANG_WARN_INFINITE_RECURSION = YES;
				CLANG_WARN_INT_CONVERSION = YES;
				CLANG_WARN_NON_LITERAL_NULL_CONVERSION = YES;
				CLANG_WARN_OBJC_IMPLICIT_RETAIN_SELF = YES;
				CLANG_WARN_OBJC_LITERAL_CONVERSION = YES;
				CLANG_WARN_OBJC_ROOT_CLASS = YES_ERROR;
				CLANG_WARN_QUOTED_INCLUDE_IN_FRAMEWORK_HEADER = YES;
				CLANG_WARN_RANGE_LOOP_ANALYSIS = YES;
				CLANG_WARN_STRICT_PROTOTYPES = YES;
				CLANG_WARN_SUSPICIOUS_MOVE = YES;
				CLANG_WARN_UNGUARDED_AVAILABILITY = YES_AGGRESSIVE;
				CLANG_WARN_UNREACHABLE_CODE = YES;
				CLANG_WARN__DUPLICATE_METHOD_MATCH = YES;
				COPY_PHASE_STRIP = NO;
				DEBUG_INFORMATION_FORMAT = dwarf;
				ENABLE_STRICT_OBJC_MSGSEND = YES;
				ENABLE_TESTABILITY = YES;
				GCC_C_LANGUAGE_STANDARD = gnu11;
				GCC_DYNAMIC_NO_PIC = NO;
				GCC_NO_COMMON_BLOCKS = YES;
				GCC_OPTIMIZATION_LEVEL = 0;
				GCC_PREPROCESSOR_DEFINITIONS = (
					"DEBUG=1",
					"$(inherited)",
				);
				GCC_WARN_64_TO_32_BIT_CONVERSION = YES;
				GCC_WARN_ABOUT_RETURN_TYPE = YES_ERROR;
				GCC_WARN_UNDECLARED_SELECTOR = YES;
				GCC_WARN_UNINITIALIZED_AUTOS = YES_AGGRESSIVE;
				GCC_WARN_UNUSED_FUNCTION = YES;
				GCC_WARN_UNUSED_VARIABLE = YES;
				IPHONEOS_DEPLOYMENT_TARGET = 14.0;
				MTL_ENABLE_DEBUG_INFO = INCLUDE_SOURCE;
				MTL_FAST_MATH = YES;
				ONLY_ACTIVE_ARCH = YES;
				SDKROOT = iphoneos;
				SWIFT_ACTIVE_COMPILATION_CONDITIONS = DEBUG;
				SWIFT_OPTIMIZATION_LEVEL = "-Onone";
			};
			name = Debug;
		};
		945D148726204A000077E1E9 /* Release */ = {
			isa = XCBuildConfiguration;
			buildSettings = {
				ALWAYS_SEARCH_USER_PATHS = NO;
				CLANG_ANALYZER_NONNULL = YES;
				CLANG_ANALYZER_NUMBER_OBJECT_CONVERSION = YES_AGGRESSIVE;
				CLANG_CXX_LANGUAGE_STANDARD = "gnu++14";
				CLANG_CXX_LIBRARY = "libc++";
				CLANG_ENABLE_MODULES = YES;
				CLANG_ENABLE_OBJC_ARC = YES;
				CLANG_ENABLE_OBJC_WEAK = YES;
				CLANG_WARN_BLOCK_CAPTURE_AUTORELEASING = YES;
				CLANG_WARN_BOOL_CONVERSION = YES;
				CLANG_WARN_COMMA = YES;
				CLANG_WARN_CONSTANT_CONVERSION = YES;
				CLANG_WARN_DEPRECATED_OBJC_IMPLEMENTATIONS = YES;
				CLANG_WARN_DIRECT_OBJC_ISA_USAGE = YES_ERROR;
				CLANG_WARN_DOCUMENTATION_COMMENTS = YES;
				CLANG_WARN_EMPTY_BODY = YES;
				CLANG_WARN_ENUM_CONVERSION = YES;
				CLANG_WARN_INFINITE_RECURSION = YES;
				CLANG_WARN_INT_CONVERSION = YES;
				CLANG_WARN_NON_LITERAL_NULL_CONVERSION = YES;
				CLANG_WARN_OBJC_IMPLICIT_RETAIN_SELF = YES;
				CLANG_WARN_OBJC_LITERAL_CONVERSION = YES;
				CLANG_WARN_OBJC_ROOT_CLASS = YES_ERROR;
				CLANG_WARN_QUOTED_INCLUDE_IN_FRAMEWORK_HEADER = YES;
				CLANG_WARN_RANGE_LOOP_ANALYSIS = YES;
				CLANG_WARN_STRICT_PROTOTYPES = YES;
				CLANG_WARN_SUSPICIOUS_MOVE = YES;
				CLANG_WARN_UNGUARDED_AVAILABILITY = YES_AGGRESSIVE;
				CLANG_WARN_UNREACHABLE_CODE = YES;
				CLANG_WARN__DUPLICATE_METHOD_MATCH = YES;
				COPY_PHASE_STRIP = NO;
				DEBUG_INFORMATION_FORMAT = "dwarf-with-dsym";
				ENABLE_NS_ASSERTIONS = NO;
				ENABLE_STRICT_OBJC_MSGSEND = YES;
				GCC_C_LANGUAGE_STANDARD = gnu11;
				GCC_NO_COMMON_BLOCKS = YES;
				GCC_WARN_64_TO_32_BIT_CONVERSION = YES;
				GCC_WARN_ABOUT_RETURN_TYPE = YES_ERROR;
				GCC_WARN_UNDECLARED_SELECTOR = YES;
				GCC_WARN_UNINITIALIZED_AUTOS = YES_AGGRESSIVE;
				GCC_WARN_UNUSED_FUNCTION = YES;
				GCC_WARN_UNUSED_VARIABLE = YES;
				IPHONEOS_DEPLOYMENT_TARGET = 14.0;
				MTL_ENABLE_DEBUG_INFO = NO;
				MTL_FAST_MATH = YES;
				SDKROOT = iphoneos;
				SWIFT_COMPILATION_MODE = wholemodule;
				SWIFT_OPTIMIZATION_LEVEL = "-O";
				VALIDATE_PRODUCT = YES;
			};
			name = Release;
		};
		945D148926204A000077E1E9 /* Debug */ = {
			isa = XCBuildConfiguration;
			buildSettings = {
				ASSETCATALOG_COMPILER_APPICON_NAME = AppIcon;
				ASSETCATALOG_COMPILER_GLOBAL_ACCENT_COLOR_NAME = AccentColor;
				CODE_SIGN_STYLE = Automatic;
				CURRENT_PROJECT_VERSION = 1;
				DEVELOPMENT_TEAM = 9E26H623J7;
				INFOPLIST_FILE = "/Users/vimal/Documents/Machine Test/MachineTest_vimal/MachineTest_vimal/Supporting Files/Info.plist";
				LD_RUNPATH_SEARCH_PATHS = (
					"$(inherited)",
					"@executable_path/Frameworks",
				);
				MARKETING_VERSION = 1.0;
				PRODUCT_BUNDLE_IDENTIFIER = "vimal.MachineTest-vimal";
				PRODUCT_NAME = "$(TARGET_NAME)";
				SWIFT_VERSION = 5.0;
				TARGETED_DEVICE_FAMILY = "1,2";
			};
			name = Debug;
		};
		945D148A26204A000077E1E9 /* Release */ = {
			isa = XCBuildConfiguration;
			buildSettings = {
				ASSETCATALOG_COMPILER_APPICON_NAME = AppIcon;
				ASSETCATALOG_COMPILER_GLOBAL_ACCENT_COLOR_NAME = AccentColor;
				CODE_SIGN_STYLE = Automatic;
				CURRENT_PROJECT_VERSION = 1;
				DEVELOPMENT_TEAM = 9E26H623J7;
				INFOPLIST_FILE = "/Users/vimal/Documents/Machine Test/MachineTest_vimal/MachineTest_vimal/Supporting Files/Info.plist";
				LD_RUNPATH_SEARCH_PATHS = (
					"$(inherited)",
					"@executable_path/Frameworks",
				);
				MARKETING_VERSION = 1.0;
				PRODUCT_BUNDLE_IDENTIFIER = "vimal.MachineTest-vimal";
				PRODUCT_NAME = "$(TARGET_NAME)";
				SWIFT_VERSION = 5.0;
				TARGETED_DEVICE_FAMILY = "1,2";
			};
			name = Release;
		};
/* End XCBuildConfiguration section */

/* Begin XCConfigurationList section */
		945D146C262049EB0077E1E9 /* Build configuration list for PBXProject "MachineTest_vimal" */ = {
			isa = XCConfigurationList;
			buildConfigurations = (
				945D148626204A000077E1E9 /* Debug */,
				945D148726204A000077E1E9 /* Release */,
			);
			defaultConfigurationIsVisible = 0;
			defaultConfigurationName = Release;
		};
		945D148826204A000077E1E9 /* Build configuration list for PBXNativeTarget "MachineTest_vimal" */ = {
			isa = XCConfigurationList;
			buildConfigurations = (
				945D148926204A000077E1E9 /* Debug */,
				945D148A26204A000077E1E9 /* Release */,
			);
			defaultConfigurationIsVisible = 0;
			defaultConfigurationName = Release;
		};
/* End XCConfigurationList section */

/* Begin XCRemoteSwiftPackageReference section */
		945D14B82620567A0077E1E9 /* XCRemoteSwiftPackageReference "Alamofire" */ = {
			isa = XCRemoteSwiftPackageReference;
			repositoryURL = "https://github.com/Alamofire/Alamofire.git";
			requirement = {
				kind = upToNextMajorVersion;
				minimumVersion = 5.4.2;
			};
		};
/* End XCRemoteSwiftPackageReference section */

/* Begin XCSwiftPackageProductDependency section */
		945D14B92620567A0077E1E9 /* Alamofire */ = {
			isa = XCSwiftPackageProductDependency;
			package = 945D14B82620567A0077E1E9 /* XCRemoteSwiftPackageReference "Alamofire" */;
			productName = Alamofire;
		};
/* End XCSwiftPackageProductDependency section */

/* Begin XCVersionGroup section */
		945D147D262049EC0077E1E9 /* MachineTest_vimal.xcdatamodeld */ = {
			isa = XCVersionGroup;
			children = (
				945D147E262049EC0077E1E9 /* MachineTest_vimal.xcdatamodel */,
			);
			currentVersion = 945D147E262049EC0077E1E9 /* MachineTest_vimal.xcdatamodel */;
			path = MachineTest_vimal.xcdatamodeld;
			sourceTree = "<group>";
			versionGroupType = wrapper.xcdatamodel;
		};
/* End XCVersionGroup section */
	};
	rootObject = 945D1469262049EB0077E1E9 /* Project object */;
}
